{
    "_readme": [
        "This file locks the dependencies of your project to a known state",
        "Read more about it at https://getcomposer.org/doc/01-basic-usage.md#installing-dependencies",
        "This file is @generated automatically"
    ],
    "content-hash": "a36f125a957e2fb61a03c828e5a2e9f1",
    "packages": [
        {
            "name": "zohocrm/php-sdk",
            "version": "3.0.0",
            "source": {
                "type": "git",
                "url": "https://github.com/zoho/zohocrm-php-sdk.git",
                "reference": "50340e415a8a961b38330f765509a827b7ba9351"
            },
            "dist": {
                "type": "zip",
                "url": "https://api.github.com/repos/zoho/zohocrm-php-sdk/zipball/50340e415a8a961b38330f765509a827b7ba9351",
                "reference": "50340e415a8a961b38330f765509a827b7ba9351",
                "shasum": ""
            },
            "require": {
                "ext-curl": "*",
                "ext-json": "*",
                "php": ">=7.0"
            },
            "require-dev": {
                "phpunit/phpunit": ">=5.7"
            },
            "type": "sdk",
            "autoload": {
                "psr-4": {
                    "": "src/"
                }
            },
            "notification-url": "https://packagist.org/downloads/",
            "authors": [
                {
                    "name": "Zoho CRM API Team",
                    "email": "support@zohocrm.com",
                    "homepage": "https://www.zoho.com/crm/help/customer-support.html",
                    "role": "Developer"
                }
            ],
            "description": "Zoho CRM API SDK for PHP",
            "homepage": "https://github.com/zoho/zohocrm-php-sdk",
            "support": {
                "issues": "https://github.com/zoho/zohocrm-php-sdk/issues",
                "source": "https://github.com/zoho/zohocrm-php-sdk/tree/3.0.0"
            },
            "time": "2020-11-12T10:01:25+00:00"
        }
    ],
    "packages-dev": [],
    "aliases": [],
    "minimum-stability": "stable",
    "stability-flags": [],
    "prefer-stable": false,
    "prefer-lowest": false,
    "platform": [],
    "platform-dev": [],
    "plugin-api-version": "2.0.0"
}
